// !$*UTF8*$!
{
	archiveVersion = 1;
	classes = {
	};
	objectVersion = 56;
	objects = {

/* Begin PBXBuildFile section */
		1F131D733E228E17B01A6361 /* TuistAssets+ExpoIOS.swift in Sources */ = {isa = PBXBuildFile; fileRef = 910AE51037C2FEADCFCBC9F4 /* TuistAssets+ExpoIOS.swift */; };
		373605E356772ECE7FCC99DC /* LaunchScreen.storyboard in Resources */ = {isa = PBXBuildFile; fileRef = F1FA5BFAB413E63B48D6E2AD /* LaunchScreen.storyboard */; };
		37815D5B536B45DEA4D47608 /* Assets.xcassets in Resources */ = {isa = PBXBuildFile; fileRef = CE6ABD9E2F27EDE8FB826D74 /* Assets.xcassets */; };
		400EF75DB3F849228A268D7C /* Alamofire.framework in Embed Frameworks */ = {isa = PBXBuildFile; fileRef = AB9A3DA98D7ACA440F5EB4D9 /* Alamofire.framework */; settings = {ATTRIBUTES = (CodeSignOnCopy, RemoveHeadersOnCopy, ); }; };
		BC7B71818528B2E9AE0F0480 /* ExpoApp.swift in Sources */ = {isa = PBXBuildFile; fileRef = B43CDBAB6149E8B53CF54003 /* ExpoApp.swift */; };
		BE552AA9C1B0856D84172D2B /* Alamofire.framework in Frameworks */ = {isa = PBXBuildFile; fileRef = AB9A3DA98D7ACA440F5EB4D9 /* Alamofire.framework */; };
		C20E0800622A4202532C8CC6 /* Moya.framework in Frameworks */ = {isa = PBXBuildFile; fileRef = 9C81D634E5A74925DECBF8D4 /* Moya.framework */; };
		EA9E7E112CB7B44500427430 /* MainView.swift in Sources */ = {isa = PBXBuildFile; fileRef = EA9E7E102CB7B44500427430 /* MainView.swift */; };
		EA9E7E152CB7B4E500427430 /* MyPageView.swift in Sources */ = {isa = PBXBuildFile; fileRef = EA9E7E142CB7B4E500427430 /* MyPageView.swift */; };
		EA9E7E192CB7B64800427430 /* EventCheckView.swift in Sources */ = {isa = PBXBuildFile; fileRef = EA9E7E182CB7B64800427430 /* EventCheckView.swift */; };
		F135F2FD9F117542209DA53D /* TuistBundle+ExpoIOS.swift in Sources */ = {isa = PBXBuildFile; fileRef = 47655C06576925961E5B70A4 /* TuistBundle+ExpoIOS.swift */; };
/* End PBXBuildFile section */

/* Begin PBXCopyFilesBuildPhase section */
		7E1E2F932D6451E920309CDD /* Embed Frameworks */ = {
			isa = PBXCopyFilesBuildPhase;
			buildActionMask = 2147483647;
			dstPath = "";
			dstSubfolderSpec = 10;
			files = (
				400EF75DB3F849228A268D7C /* Alamofire.framework in Embed Frameworks */,
			);
			name = "Embed Frameworks";
			runOnlyForDeploymentPostprocessing = 0;
		};
/* End PBXCopyFilesBuildPhase section */

/* Begin PBXFileReference section */
		45516B35D521F791029D750D /* Shared.xcconfig */ = {isa = PBXFileReference; lastKnownFileType = text.xcconfig; path = Shared.xcconfig; sourceTree = "<group>"; };
		47655C06576925961E5B70A4 /* TuistBundle+ExpoIOS.swift */ = {isa = PBXFileReference; lastKnownFileType = sourcecode.swift; path = "TuistBundle+ExpoIOS.swift"; sourceTree = "<group>"; };
		910AE51037C2FEADCFCBC9F4 /* TuistAssets+ExpoIOS.swift */ = {isa = PBXFileReference; lastKnownFileType = sourcecode.swift; path = "TuistAssets+ExpoIOS.swift"; sourceTree = "<group>"; };
		9C81D634E5A74925DECBF8D4 /* Moya.framework */ = {isa = PBXFileReference; explicitFileType = wrapper.framework; includeInIndex = 0; path = Moya.framework; sourceTree = BUILT_PRODUCTS_DIR; };
		AB9A3DA98D7ACA440F5EB4D9 /* Alamofire.framework */ = {isa = PBXFileReference; explicitFileType = wrapper.framework; includeInIndex = 0; path = Alamofire.framework; sourceTree = BUILT_PRODUCTS_DIR; };
		B43CDBAB6149E8B53CF54003 /* ExpoApp.swift */ = {isa = PBXFileReference; lastKnownFileType = sourcecode.swift; path = ExpoApp.swift; sourceTree = "<group>"; };
		CD5F6711E52A4026207A6469 /* Info.plist */ = {isa = PBXFileReference; lastKnownFileType = text.plist; path = Info.plist; sourceTree = "<group>"; };
		CE6ABD9E2F27EDE8FB826D74 /* Assets.xcassets */ = {isa = PBXFileReference; lastKnownFileType = folder.assetcatalog; path = Assets.xcassets; sourceTree = "<group>"; };
		EA9E7E102CB7B44500427430 /* MainView.swift */ = {isa = PBXFileReference; lastKnownFileType = sourcecode.swift; path = MainView.swift; sourceTree = "<group>"; };
		EA9E7E142CB7B4E500427430 /* MyPageView.swift */ = {isa = PBXFileReference; lastKnownFileType = sourcecode.swift; path = MyPageView.swift; sourceTree = "<group>"; };
		EA9E7E182CB7B64800427430 /* EventCheckView.swift */ = {isa = PBXFileReference; lastKnownFileType = sourcecode.swift; path = EventCheckView.swift; sourceTree = "<group>"; };
		F1FA5BFAB413E63B48D6E2AD /* LaunchScreen.storyboard */ = {isa = PBXFileReference; lastKnownFileType = file.storyboard; path = LaunchScreen.storyboard; sourceTree = "<group>"; };
		FD985D1955370BAC61FB5958 /* Expo_iOS.app */ = {isa = PBXFileReference; explicitFileType = wrapper.application; includeInIndex = 0; path = Expo_iOS.app; sourceTree = BUILT_PRODUCTS_DIR; };
/* End PBXFileReference section */

/* Begin PBXFrameworksBuildPhase section */
		AC9D1D612F36BF138A3CFD0B /* Frameworks */ = {
			isa = PBXFrameworksBuildPhase;
			buildActionMask = 2147483647;
			files = (
				BE552AA9C1B0856D84172D2B /* Alamofire.framework in Frameworks */,
				C20E0800622A4202532C8CC6 /* Moya.framework in Frameworks */,
			);
			runOnlyForDeploymentPostprocessing = 0;
		};
/* End PBXFrameworksBuildPhase section */

/* Begin PBXGroup section */
		0D5A286A53310A8E8F1E98AC /* Products */ = {
			isa = PBXGroup;
			children = (
				AB9A3DA98D7ACA440F5EB4D9 /* Alamofire.framework */,
				FD985D1955370BAC61FB5958 /* Expo_iOS.app */,
				9C81D634E5A74925DECBF8D4 /* Moya.framework */,
			);
			name = Products;
			sourceTree = "<group>";
		};
		228806AA168BEFEE99704AFF /* Project */ = {
			isa = PBXGroup;
			children = (
				F94AE1D2C9E0BE3B7AEA8815 /* Derived */,
				C268382564860695456279E3 /* Resources */,
				3CD58817CBE69D98A3395E05 /* Sources */,
				79F6D1B9EEC95881EA0FD83D /* Support */,
				30B3DD6EB96D853B7005D396 /* XCConfig */,
			);
			name = Project;
			sourceTree = "<group>";
		};
		30B3DD6EB96D853B7005D396 /* XCConfig */ = {
			isa = PBXGroup;
			children = (
				45516B35D521F791029D750D /* Shared.xcconfig */,
			);
			name = XCConfig;
			path = ../../XCConfig;
			sourceTree = "<group>";
		};
		3CD58817CBE69D98A3395E05 /* Sources */ = {
			isa = PBXGroup;
			children = (
				EA9E7E0D2CB7B30000427430 /* Feature */,
				9001E6C6AA9DEF87D2D37E7E /* Application */,
			);
			path = Sources;
			sourceTree = "<group>";
		};
		6DEE1042EA0426F8C9F50F6A = {
			isa = PBXGroup;
			children = (
				228806AA168BEFEE99704AFF /* Project */,
				0D5A286A53310A8E8F1E98AC /* Products */,
			);
			sourceTree = "<group>";
		};
		79F6D1B9EEC95881EA0FD83D /* Support */ = {
			isa = PBXGroup;
			children = (
				CD5F6711E52A4026207A6469 /* Info.plist */,
			);
			path = Support;
			sourceTree = "<group>";
		};
		83C6ACFA2030829E4E146143 /* Sources */ = {
			isa = PBXGroup;
			children = (
				910AE51037C2FEADCFCBC9F4 /* TuistAssets+ExpoIOS.swift */,
				47655C06576925961E5B70A4 /* TuistBundle+ExpoIOS.swift */,
			);
			path = Sources;
			sourceTree = "<group>";
		};
		9001E6C6AA9DEF87D2D37E7E /* Application */ = {
			isa = PBXGroup;
			children = (
				B43CDBAB6149E8B53CF54003 /* ExpoApp.swift */,
			);
			path = Application;
			sourceTree = "<group>";
		};
		C268382564860695456279E3 /* Resources */ = {
			isa = PBXGroup;
			children = (
				CE6ABD9E2F27EDE8FB826D74 /* Assets.xcassets */,
				F1FA5BFAB413E63B48D6E2AD /* LaunchScreen.storyboard */,
			);
			path = Resources;
			sourceTree = "<group>";
		};
		EA9E7E0D2CB7B30000427430 /* Feature */ = {
			isa = PBXGroup;
			children = (
				EA9E7E162CB7B5BF00427430 /* EventFeature */,
				EA9E7E122CB7B47F00427430 /* MyPageFeature */,
				EA9E7E0E2CB7B3B800427430 /* MainFeature */,
			);
			path = Feature;
			sourceTree = "<group>";
		};
		EA9E7E0E2CB7B3B800427430 /* MainFeature */ = {
			isa = PBXGroup;
			children = (
				EA9E7E0F2CB7B42900427430 /* Sources */,
			);
			path = MainFeature;
			sourceTree = "<group>";
		};
		EA9E7E0F2CB7B42900427430 /* Sources */ = {
			isa = PBXGroup;
			children = (
				EA9E7E102CB7B44500427430 /* MainView.swift */,
			);
			path = Sources;
			sourceTree = "<group>";
		};
		EA9E7E122CB7B47F00427430 /* MyPageFeature */ = {
			isa = PBXGroup;
			children = (
				EA9E7E132CB7B4CE00427430 /* Sources */,
			);
			path = MyPageFeature;
			sourceTree = "<group>";
		};
		EA9E7E132CB7B4CE00427430 /* Sources */ = {
			isa = PBXGroup;
			children = (
				EA9E7E142CB7B4E500427430 /* MyPageView.swift */,
			);
			path = Sources;
			sourceTree = "<group>";
		};
		EA9E7E162CB7B5BF00427430 /* EventFeature */ = {
			isa = PBXGroup;
			children = (
				EA9E7E172CB7B5EA00427430 /* Sources */,
			);
			path = EventFeature;
			sourceTree = "<group>";
		};
		EA9E7E172CB7B5EA00427430 /* Sources */ = {
			isa = PBXGroup;
			children = (
				EA9E7E182CB7B64800427430 /* EventCheckView.swift */,
			);
			path = Sources;
			sourceTree = "<group>";
		};
		F94AE1D2C9E0BE3B7AEA8815 /* Derived */ = {
			isa = PBXGroup;
			children = (
				83C6ACFA2030829E4E146143 /* Sources */,
			);
			path = Derived;
			sourceTree = "<group>";
		};
/* End PBXGroup section */

/* Begin PBXNativeTarget section */
		9AD688AB5F1C99F68C56D9DA /* Expo-iOS */ = {
			isa = PBXNativeTarget;
			buildConfigurationList = F5E10D577877D5EE2C6D431B /* Build configuration list for PBXNativeTarget "Expo-iOS" */;
			buildPhases = (
				6B4D772ACD7121AE3349252A /* SwiftLint */,
				D046C09EDDEBF9CE8F4836B2 /* Sources */,
				D4DA3A018492CE3B8097DE2A /* Resources */,
				7E1E2F932D6451E920309CDD /* Embed Frameworks */,
				AC9D1D612F36BF138A3CFD0B /* Frameworks */,
			);
			buildRules = (
			);
			dependencies = (
			);
			name = "Expo-iOS";
			productName = Expo_iOS;
			productReference = FD985D1955370BAC61FB5958 /* Expo_iOS.app */;
			productType = "com.apple.product-type.application";
		};
/* End PBXNativeTarget section */

/* Begin PBXProject section */
		3A915565BB160AC2BE5670B2 /* Project object */ = {
			isa = PBXProject;
			attributes = {
				BuildIndependentTargetsInParallel = YES;
				ORGANIZATIONNAME = SchoolofCompany;
			};
			buildConfigurationList = 56793B079CCF6CBF6FD5700A /* Build configuration list for PBXProject "Expo-iOS" */;
			compatibilityVersion = "Xcode 14.0";
			developmentRegion = en;
			hasScannedForEncodings = 0;
			knownRegions = (
				Base,
				en,
			);
			mainGroup = 6DEE1042EA0426F8C9F50F6A;
			productRefGroup = 0D5A286A53310A8E8F1E98AC /* Products */;
			projectDirPath = "";
			projectRoot = "";
			targets = (
				9AD688AB5F1C99F68C56D9DA /* Expo-iOS */,
			);
		};
/* End PBXProject section */

/* Begin PBXResourcesBuildPhase section */
		D4DA3A018492CE3B8097DE2A /* Resources */ = {
			isa = PBXResourcesBuildPhase;
			buildActionMask = 2147483647;
			files = (
				37815D5B536B45DEA4D47608 /* Assets.xcassets in Resources */,
				373605E356772ECE7FCC99DC /* LaunchScreen.storyboard in Resources */,
			);
			runOnlyForDeploymentPostprocessing = 0;
		};
/* End PBXResourcesBuildPhase section */

/* Begin PBXShellScriptBuildPhase section */
		6B4D772ACD7121AE3349252A /* SwiftLint */ = {
			isa = PBXShellScriptBuildPhase;
			buildActionMask = 2147483647;
			files = (
			);
			inputFileListPaths = (
			);
			inputPaths = (
			);
			name = SwiftLint;
			outputFileListPaths = (
			);
			outputPaths = (
			);
			runOnlyForDeploymentPostprocessing = 0;
			shellPath = /bin/sh;
			shellScript = "\"$SRCROOT\"/../../Scripts/SwiftLintRunScript.sh ";
		};
/* End PBXShellScriptBuildPhase section */

/* Begin PBXSourcesBuildPhase section */
		D046C09EDDEBF9CE8F4836B2 /* Sources */ = {
			isa = PBXSourcesBuildPhase;
			buildActionMask = 2147483647;
			files = (
				1F131D733E228E17B01A6361 /* TuistAssets+ExpoIOS.swift in Sources */,
				EA9E7E112CB7B44500427430 /* MainView.swift in Sources */,
				EA9E7E152CB7B4E500427430 /* MyPageView.swift in Sources */,
				F135F2FD9F117542209DA53D /* TuistBundle+ExpoIOS.swift in Sources */,
				EA9E7E192CB7B64800427430 /* EventCheckView.swift in Sources */,
				BC7B71818528B2E9AE0F0480 /* ExpoApp.swift in Sources */,
			);
			runOnlyForDeploymentPostprocessing = 0;
		};
/* End PBXSourcesBuildPhase section */

/* Begin XCBuildConfiguration section */
		18CF3EFD10DEE86C7AEDE4E5 /* Release */ = {
			isa = XCBuildConfiguration;
			buildSettings = {
				ASSETCATALOG_COMPILER_APPICON_NAME = AppIcon;
				CODE_SIGN_IDENTITY = "iPhone Developer";
				ENABLE_PREVIEWS = YES;
				INFOPLIST_FILE = Support/Info.plist;
				IPHONEOS_DEPLOYMENT_TARGET = 16.0;
				LD_RUNPATH_SEARCH_PATHS = (
					"$(inherited)",
					"@executable_path/Frameworks",
				);
				PRODUCT_BUNDLE_IDENTIFIER = "SchoolofCompany.Expo-iOS";
				PRODUCT_NAME = Expo_iOS;
				SDKROOT = iphoneos;
				SUPPORTS_MACCATALYST = NO;
				SUPPORTS_MAC_DESIGNED_FOR_IPHONE_IPAD = NO;
				SUPPORTS_XR_DESIGNED_FOR_IPHONE_IPAD = NO;
				SWIFT_COMPILATION_MODE = wholemodule;
				SWIFT_OPTIMIZATION_LEVEL = "-Owholemodule";
				SWIFT_VERSION = 5.0;
				TARGETED_DEVICE_FAMILY = "1,2";
			};
			name = Release;
		};
		3247A1726BF234F2FF92B774 /* DEV */ = {
			isa = XCBuildConfiguration;
			buildSettings = {
				ASSETCATALOG_COMPILER_APPICON_NAME = AppIcon;
				CODE_SIGN_IDENTITY = "iPhone Developer";
				ENABLE_PREVIEWS = YES;
				INFOPLIST_FILE = Support/Info.plist;
				IPHONEOS_DEPLOYMENT_TARGET = 16.0;
				LD_RUNPATH_SEARCH_PATHS = (
					"$(inherited)",
					"@executable_path/Frameworks",
				);
				PRODUCT_BUNDLE_IDENTIFIER = "SchoolofCompany.Expo-iOS";
				PRODUCT_NAME = Expo_iOS;
				SDKROOT = iphoneos;
				SUPPORTS_MACCATALYST = NO;
				SUPPORTS_MAC_DESIGNED_FOR_IPHONE_IPAD = NO;
				SUPPORTS_XR_DESIGNED_FOR_IPHONE_IPAD = NO;
				SWIFT_ACTIVE_COMPILATION_CONDITIONS = "$(inherited) DEBUG";
				SWIFT_COMPILATION_MODE = singlefile;
				SWIFT_OPTIMIZATION_LEVEL = "-Onone";
				SWIFT_VERSION = 5.0;
				TARGETED_DEVICE_FAMILY = "1,2";
			};
			name = DEV;
		};
		47A92B3DF45116368663F7EF /* STAGE */ = {
			isa = XCBuildConfiguration;
			baseConfigurationReference = 45516B35D521F791029D750D /* Shared.xcconfig */;
			buildSettings = {
				ALWAYS_SEARCH_USER_PATHS = NO;
				CLANG_ANALYZER_LOCALIZABILITY_NONLOCALIZED = YES;
				CLANG_ANALYZER_NONNULL = YES;
				CLANG_ANALYZER_NUMBER_OBJECT_CONVERSION = YES_AGGRESSIVE;
				CLANG_CXX_LANGUAGE_STANDARD = "gnu++14";
				CLANG_CXX_LIBRARY = "libc++";
				CLANG_ENABLE_MODULES = YES;
				CLANG_ENABLE_OBJC_ARC = YES;
				CLANG_ENABLE_OBJC_WEAK = YES;
				CLANG_WARN_BLOCK_CAPTURE_AUTORELEASING = YES;
				CLANG_WARN_BOOL_CONVERSION = YES;
				CLANG_WARN_COMMA = YES;
				CLANG_WARN_CONSTANT_CONVERSION = YES;
				CLANG_WARN_DEPRECATED_OBJC_IMPLEMENTATIONS = YES;
				CLANG_WARN_DIRECT_OBJC_ISA_USAGE = YES_ERROR;
				CLANG_WARN_DOCUMENTATION_COMMENTS = YES;
				CLANG_WARN_EMPTY_BODY = YES;
				CLANG_WARN_ENUM_CONVERSION = YES;
				CLANG_WARN_INFINITE_RECURSION = YES;
				CLANG_WARN_INT_CONVERSION = YES;
				CLANG_WARN_NON_LITERAL_NULL_CONVERSION = YES;
				CLANG_WARN_OBJC_IMPLICIT_RETAIN_SELF = YES;
				CLANG_WARN_OBJC_LITERAL_CONVERSION = YES;
				CLANG_WARN_OBJC_ROOT_CLASS = YES_ERROR;
				CLANG_WARN_QUOTED_INCLUDE_IN_FRAMEWORK_HEADER = YES;
				CLANG_WARN_RANGE_LOOP_ANALYSIS = YES;
				CLANG_WARN_STRICT_PROTOTYPES = YES;
				CLANG_WARN_SUSPICIOUS_MOVE = YES;
				CLANG_WARN_UNGUARDED_AVAILABILITY = YES_AGGRESSIVE;
				CLANG_WARN_UNREACHABLE_CODE = YES;
				CLANG_WARN__DUPLICATE_METHOD_MATCH = YES;
				COPY_PHASE_STRIP = NO;
				DEAD_CODE_STRIPPING = YES;
				DEBUG_INFORMATION_FORMAT = dwarf;
				ENABLE_STRICT_OBJC_MSGSEND = YES;
				ENABLE_TESTABILITY = YES;
				GCC_C_LANGUAGE_STANDARD = gnu11;
				GCC_DYNAMIC_NO_PIC = NO;
				GCC_NO_COMMON_BLOCKS = YES;
				GCC_OPTIMIZATION_LEVEL = 0;
				GCC_PREPROCESSOR_DEFINITIONS = (
					"DEBUG=1",
					"$(inherited)",
				);
				GCC_WARN_64_TO_32_BIT_CONVERSION = YES;
				GCC_WARN_ABOUT_RETURN_TYPE = YES_ERROR;
				GCC_WARN_UNDECLARED_SELECTOR = YES;
				GCC_WARN_UNINITIALIZED_AUTOS = YES_AGGRESSIVE;
				GCC_WARN_UNUSED_FUNCTION = YES;
				GCC_WARN_UNUSED_VARIABLE = YES;
				MTL_ENABLE_DEBUG_INFO = YES;
				ONLY_ACTIVE_ARCH = YES;
				PRODUCT_NAME = "$(TARGET_NAME)";
			};
			name = STAGE;
		};
		4FBB43EC0715E360A9539C8E /* PROD */ = {
			isa = XCBuildConfiguration;
			buildSettings = {
				ASSETCATALOG_COMPILER_APPICON_NAME = AppIcon;
				CODE_SIGN_IDENTITY = "iPhone Developer";
				ENABLE_PREVIEWS = YES;
				INFOPLIST_FILE = Support/Info.plist;
				IPHONEOS_DEPLOYMENT_TARGET = 16.0;
				LD_RUNPATH_SEARCH_PATHS = (
					"$(inherited)",
					"@executable_path/Frameworks",
				);
				PRODUCT_BUNDLE_IDENTIFIER = "SchoolofCompany.Expo-iOS";
				PRODUCT_NAME = Expo_iOS;
				SDKROOT = iphoneos;
				SUPPORTS_MACCATALYST = NO;
				SUPPORTS_MAC_DESIGNED_FOR_IPHONE_IPAD = NO;
				SUPPORTS_XR_DESIGNED_FOR_IPHONE_IPAD = NO;
				SWIFT_COMPILATION_MODE = wholemodule;
				SWIFT_OPTIMIZATION_LEVEL = "-Owholemodule";
				SWIFT_VERSION = 5.0;
				TARGETED_DEVICE_FAMILY = "1,2";
			};
			name = PROD;
		};
		58C3CFCD2D0D95452893E71F /* PROD */ = {
			isa = XCBuildConfiguration;
			baseConfigurationReference = 45516B35D521F791029D750D /* Shared.xcconfig */;
			buildSettings = {
				ALWAYS_SEARCH_USER_PATHS = NO;
				CLANG_ANALYZER_LOCALIZABILITY_NONLOCALIZED = YES;
				CLANG_ANALYZER_NONNULL = YES;
				CLANG_ANALYZER_NUMBER_OBJECT_CONVERSION = YES_AGGRESSIVE;
				CLANG_CXX_LANGUAGE_STANDARD = "gnu++14";
				CLANG_CXX_LIBRARY = "libc++";
				CLANG_ENABLE_MODULES = YES;
				CLANG_ENABLE_OBJC_ARC = YES;
				CLANG_ENABLE_OBJC_WEAK = YES;
				CLANG_WARN_BLOCK_CAPTURE_AUTORELEASING = YES;
				CLANG_WARN_BOOL_CONVERSION = YES;
				CLANG_WARN_COMMA = YES;
				CLANG_WARN_CONSTANT_CONVERSION = YES;
				CLANG_WARN_DEPRECATED_OBJC_IMPLEMENTATIONS = YES;
				CLANG_WARN_DIRECT_OBJC_ISA_USAGE = YES_ERROR;
				CLANG_WARN_DOCUMENTATION_COMMENTS = YES;
				CLANG_WARN_EMPTY_BODY = YES;
				CLANG_WARN_ENUM_CONVERSION = YES;
				CLANG_WARN_INFINITE_RECURSION = YES;
				CLANG_WARN_INT_CONVERSION = YES;
				CLANG_WARN_NON_LITERAL_NULL_CONVERSION = YES;
				CLANG_WARN_OBJC_IMPLICIT_RETAIN_SELF = YES;
				CLANG_WARN_OBJC_LITERAL_CONVERSION = YES;
				CLANG_WARN_OBJC_ROOT_CLASS = YES_ERROR;
				CLANG_WARN_QUOTED_INCLUDE_IN_FRAMEWORK_HEADER = YES;
				CLANG_WARN_RANGE_LOOP_ANALYSIS = YES;
				CLANG_WARN_STRICT_PROTOTYPES = YES;
				CLANG_WARN_SUSPICIOUS_MOVE = YES;
				CLANG_WARN_UNGUARDED_AVAILABILITY = YES_AGGRESSIVE;
				CLANG_WARN_UNREACHABLE_CODE = YES;
				CLANG_WARN__DUPLICATE_METHOD_MATCH = YES;
				COPY_PHASE_STRIP = NO;
				DEAD_CODE_STRIPPING = YES;
				DEBUG_INFORMATION_FORMAT = "dwarf-with-dsym";
				ENABLE_NS_ASSERTIONS = NO;
				ENABLE_STRICT_OBJC_MSGSEND = YES;
				GCC_C_LANGUAGE_STANDARD = gnu11;
				GCC_NO_COMMON_BLOCKS = YES;
				GCC_WARN_64_TO_32_BIT_CONVERSION = YES;
				GCC_WARN_ABOUT_RETURN_TYPE = YES_ERROR;
				GCC_WARN_UNDECLARED_SELECTOR = YES;
				GCC_WARN_UNINITIALIZED_AUTOS = YES_AGGRESSIVE;
				GCC_WARN_UNUSED_FUNCTION = YES;
				GCC_WARN_UNUSED_VARIABLE = YES;
				MTL_ENABLE_DEBUG_INFO = NO;
				PRODUCT_NAME = "$(TARGET_NAME)";
				VALIDATE_PRODUCT = YES;
			};
			name = PROD;
		};
		9642281E99D2848C6C7DA8AD /* Debug */ = {
			isa = XCBuildConfiguration;
			buildSettings = {
				ASSETCATALOG_COMPILER_APPICON_NAME = AppIcon;
				CODE_SIGN_IDENTITY = "iPhone Developer";
				ENABLE_PREVIEWS = YES;
				INFOPLIST_FILE = Support/Info.plist;
				IPHONEOS_DEPLOYMENT_TARGET = 16.0;
				LD_RUNPATH_SEARCH_PATHS = (
					"$(inherited)",
					"@executable_path/Frameworks",
				);
				PRODUCT_BUNDLE_IDENTIFIER = "SchoolofCompany.Expo-iOS";
				PRODUCT_NAME = Expo_iOS;
				SDKROOT = iphoneos;
				SUPPORTS_MACCATALYST = NO;
				SUPPORTS_MAC_DESIGNED_FOR_IPHONE_IPAD = NO;
				SUPPORTS_XR_DESIGNED_FOR_IPHONE_IPAD = NO;
				SWIFT_ACTIVE_COMPILATION_CONDITIONS = "$(inherited) DEBUG";
				SWIFT_COMPILATION_MODE = singlefile;
				SWIFT_OPTIMIZATION_LEVEL = "-Onone";
				SWIFT_VERSION = 5.0;
				TARGETED_DEVICE_FAMILY = "1,2";
			};
			name = Debug;
		};
		B99055177018F892A8022A43 /* STAGE */ = {
			isa = XCBuildConfiguration;
			buildSettings = {
				ASSETCATALOG_COMPILER_APPICON_NAME = AppIcon;
				CODE_SIGN_IDENTITY = "iPhone Developer";
				ENABLE_PREVIEWS = YES;
				INFOPLIST_FILE = Support/Info.plist;
				IPHONEOS_DEPLOYMENT_TARGET = 16.0;
				LD_RUNPATH_SEARCH_PATHS = (
					"$(inherited)",
					"@executable_path/Frameworks",
				);
				PRODUCT_BUNDLE_IDENTIFIER = "SchoolofCompany.Expo-iOS";
				PRODUCT_NAME = Expo_iOS;
				SDKROOT = iphoneos;
				SUPPORTS_MACCATALYST = NO;
				SUPPORTS_MAC_DESIGNED_FOR_IPHONE_IPAD = NO;
				SUPPORTS_XR_DESIGNED_FOR_IPHONE_IPAD = NO;
				SWIFT_ACTIVE_COMPILATION_CONDITIONS = "$(inherited) DEBUG";
				SWIFT_COMPILATION_MODE = singlefile;
				SWIFT_OPTIMIZATION_LEVEL = "-Onone";
				SWIFT_VERSION = 5.0;
				TARGETED_DEVICE_FAMILY = "1,2";
			};
			name = STAGE;
		};
		C9E9DCA5C69D28C81B5B4C2A /* DEV */ = {
			isa = XCBuildConfiguration;
			baseConfigurationReference = 45516B35D521F791029D750D /* Shared.xcconfig */;
			buildSettings = {
				ALWAYS_SEARCH_USER_PATHS = NO;
				CLANG_ANALYZER_LOCALIZABILITY_NONLOCALIZED = YES;
				CLANG_ANALYZER_NONNULL = YES;
				CLANG_ANALYZER_NUMBER_OBJECT_CONVERSION = YES_AGGRESSIVE;
				CLANG_CXX_LANGUAGE_STANDARD = "gnu++14";
				CLANG_CXX_LIBRARY = "libc++";
				CLANG_ENABLE_MODULES = YES;
				CLANG_ENABLE_OBJC_ARC = YES;
				CLANG_ENABLE_OBJC_WEAK = YES;
				CLANG_WARN_BLOCK_CAPTURE_AUTORELEASING = YES;
				CLANG_WARN_BOOL_CONVERSION = YES;
				CLANG_WARN_COMMA = YES;
				CLANG_WARN_CONSTANT_CONVERSION = YES;
				CLANG_WARN_DEPRECATED_OBJC_IMPLEMENTATIONS = YES;
				CLANG_WARN_DIRECT_OBJC_ISA_USAGE = YES_ERROR;
				CLANG_WARN_DOCUMENTATION_COMMENTS = YES;
				CLANG_WARN_EMPTY_BODY = YES;
				CLANG_WARN_ENUM_CONVERSION = YES;
				CLANG_WARN_INFINITE_RECURSION = YES;
				CLANG_WARN_INT_CONVERSION = YES;
				CLANG_WARN_NON_LITERAL_NULL_CONVERSION = YES;
				CLANG_WARN_OBJC_IMPLICIT_RETAIN_SELF = YES;
				CLANG_WARN_OBJC_LITERAL_CONVERSION = YES;
				CLANG_WARN_OBJC_ROOT_CLASS = YES_ERROR;
				CLANG_WARN_QUOTED_INCLUDE_IN_FRAMEWORK_HEADER = YES;
				CLANG_WARN_RANGE_LOOP_ANALYSIS = YES;
				CLANG_WARN_STRICT_PROTOTYPES = YES;
				CLANG_WARN_SUSPICIOUS_MOVE = YES;
				CLANG_WARN_UNGUARDED_AVAILABILITY = YES_AGGRESSIVE;
				CLANG_WARN_UNREACHABLE_CODE = YES;
				CLANG_WARN__DUPLICATE_METHOD_MATCH = YES;
				COPY_PHASE_STRIP = NO;
				DEAD_CODE_STRIPPING = YES;
				DEBUG_INFORMATION_FORMAT = dwarf;
				ENABLE_STRICT_OBJC_MSGSEND = YES;
				ENABLE_TESTABILITY = YES;
				GCC_C_LANGUAGE_STANDARD = gnu11;
				GCC_DYNAMIC_NO_PIC = NO;
				GCC_NO_COMMON_BLOCKS = YES;
				GCC_OPTIMIZATION_LEVEL = 0;
				GCC_PREPROCESSOR_DEFINITIONS = (
					"DEBUG=1",
					"$(inherited)",
				);
				GCC_WARN_64_TO_32_BIT_CONVERSION = YES;
				GCC_WARN_ABOUT_RETURN_TYPE = YES_ERROR;
				GCC_WARN_UNDECLARED_SELECTOR = YES;
				GCC_WARN_UNINITIALIZED_AUTOS = YES_AGGRESSIVE;
				GCC_WARN_UNUSED_FUNCTION = YES;
				GCC_WARN_UNUSED_VARIABLE = YES;
				MTL_ENABLE_DEBUG_INFO = YES;
				ONLY_ACTIVE_ARCH = YES;
				PRODUCT_NAME = "$(TARGET_NAME)";
			};
			name = DEV;
		};
/* End XCBuildConfiguration section */

/* Begin XCConfigurationList section */
		56793B079CCF6CBF6FD5700A /* Build configuration list for PBXProject "Expo-iOS" */ = {
			isa = XCConfigurationList;
			buildConfigurations = (
				C9E9DCA5C69D28C81B5B4C2A /* DEV */,
				58C3CFCD2D0D95452893E71F /* PROD */,
				47A92B3DF45116368663F7EF /* STAGE */,
			);
			defaultConfigurationIsVisible = 0;
			defaultConfigurationName = PROD;
		};
		F5E10D577877D5EE2C6D431B /* Build configuration list for PBXNativeTarget "Expo-iOS" */ = {
			isa = XCConfigurationList;
			buildConfigurations = (
				3247A1726BF234F2FF92B774 /* DEV */,
				9642281E99D2848C6C7DA8AD /* Debug */,
				4FBB43EC0715E360A9539C8E /* PROD */,
				18CF3EFD10DEE86C7AEDE4E5 /* Release */,
				B99055177018F892A8022A43 /* STAGE */,
			);
			defaultConfigurationIsVisible = 0;
			defaultConfigurationName = PROD;
		};
/* End XCConfigurationList section */
	};
	rootObject = 3A915565BB160AC2BE5670B2 /* Project object */;
}
